
Microsoft Visual Studio Solution File, Format Version 11.00
# Visual Studio 2010
Project("{FAE04EC0-301F-11D3-BF4B-00C04F79EFBC}") = "Assembly-CSharp", "Assembly-CSharp.csproj", "{16536f65-e452-1eed-4e47-c38151a0d896}"
EndProject
Project("{FAE04EC0-301F-11D3-BF4B-00C04F79EFBC}") = "Assembly-CSharp-Editor", "Assembly-CSharp-Editor.csproj", "{e3a90ec2-88ff-b4db-1943-86dec40c9af0}"
EndProject
Global
	GlobalSection(SolutionConfigurationPlatforms) = preSolution
		Debug|Any CPU = Debug|Any CPU
	EndGlobalSection
	GlobalSection(ProjectConfigurationPlatforms) = postSolution
		{16536f65-e452-1eed-4e47-c38151a0d896}.Debug|Any CPU.ActiveCfg = Debug|Any CPU
		{16536f65-e452-1eed-4e47-c38151a0d896}.Debug|Any CPU.Build.0 = Debug|Any CPU
		{e3a90ec2-88ff-b4db-1943-86dec40c9af0}.Debug|Any CPU.ActiveCfg = Debug|Any CPU
		{e3a90ec2-88ff-b4db-1943-86dec40c9af0}.Debug|Any CPU.Build.0 = Debug|Any CPU
	EndGlobalSection
	GlobalSection(SolutionProperties) = preSolution
		HideSolutionNode = FALSE
	EndGlobalSection
EndGlobal
